// !$*UTF8*$!
{
	archiveVersion = 1;
	classes = {
	};
	objectVersion = 55;
	objects = {

/* Begin PBXBuildFile section */
		BA783EC62974164D00976A9E /* AppDelegate.swift in Sources */ = {isa = PBXBuildFile; fileRef = BA783EC52974164D00976A9E /* AppDelegate.swift */; };
		BA783EC82974164D00976A9E /* SceneDelegate.swift in Sources */ = {isa = PBXBuildFile; fileRef = BA783EC72974164D00976A9E /* SceneDelegate.swift */; };
		BA783ECA2974164D00976A9E /* BcoinViewController.swift in Sources */ = {isa = PBXBuildFile; fileRef = BA783EC92974164D00976A9E /* BcoinViewController.swift */; };
		BA783ECD2974164D00976A9E /* Main.storyboard in Resources */ = {isa = PBXBuildFile; fileRef = BA783ECB2974164D00976A9E /* Main.storyboard */; };
		BA783ED22974164D00976A9E /* LaunchScreen.storyboard in Resources */ = {isa = PBXBuildFile; fileRef = BA783ED02974164D00976A9E /* LaunchScreen.storyboard */; };
		BA783EDD2974193A00976A9E /* CoinData.swift in Sources */ = {isa = PBXBuildFile; fileRef = BA783EDC2974193A00976A9E /* CoinData.swift */; };
		BA783EDF2974198700976A9E /* CoinManager.swift in Sources */ = {isa = PBXBuildFile; fileRef = BA783EDE2974198700976A9E /* CoinManager.swift */; };
		BA783EE129741A6200976A9E /* Assets.xcassets in Resources */ = {isa = PBXBuildFile; fileRef = BA783EE029741A6200976A9E /* Assets.xcassets */; };
/* End PBXBuildFile section */

/* Begin PBXFileReference section */
		BA783EC22974164D00976A9E /* Bcoin.app */ = {isa = PBXFileReference; explicitFileType = wrapper.application; includeInIndex = 0; path = Bcoin.app; sourceTree = BUILT_PRODUCTS_DIR; };
		BA783EC52974164D00976A9E /* AppDelegate.swift */ = {isa = PBXFileReference; lastKnownFileType = sourcecode.swift; path = AppDelegate.swift; sourceTree = "<group>"; };
		BA783EC72974164D00976A9E /* SceneDelegate.swift */ = {isa = PBXFileReference; lastKnownFileType = sourcecode.swift; path = SceneDelegate.swift; sourceTree = "<group>"; };
		BA783EC92974164D00976A9E /* BcoinViewController.swift */ = {isa = PBXFileReference; lastKnownFileType = sourcecode.swift; path = BcoinViewController.swift; sourceTree = "<group>"; };
		BA783ECC2974164D00976A9E /* Base */ = {isa = PBXFileReference; lastKnownFileType = file.storyboard; name = Base; path = Base.lproj/Main.storyboard; sourceTree = "<group>"; };
		BA783ED12974164D00976A9E /* Base */ = {isa = PBXFileReference; lastKnownFileType = file.storyboard; name = Base; path = Base.lproj/LaunchScreen.storyboard; sourceTree = "<group>"; };
		BA783ED32974164D00976A9E /* Info.plist */ = {isa = PBXFileReference; lastKnownFileType = text.plist.xml; path = Info.plist; sourceTree = "<group>"; };
		BA783EDC2974193A00976A9E /* CoinData.swift */ = {isa = PBXFileReference; lastKnownFileType = sourcecode.swift; path = CoinData.swift; sourceTree = "<group>"; };
		BA783EDE2974198700976A9E /* CoinManager.swift */ = {isa = PBXFileReference; lastKnownFileType = sourcecode.swift; path = CoinManager.swift; sourceTree = "<group>"; };
		BA783EE029741A6200976A9E /* Assets.xcassets */ = {isa = PBXFileReference; lastKnownFileType = folder.assetcatalog; name = Assets.xcassets; path = "../../ByteCoin-iOS13/ByteCoin/Assets.xcassets"; sourceTree = "<group>"; };
/* End PBXFileReference section */

/* Begin PBXFrameworksBuildPhase section */
		BA783EBF2974164D00976A9E /* Frameworks */ = {
			isa = PBXFrameworksBuildPhase;
			buildActionMask = 2147483647;
			files = (
			);
			runOnlyForDeploymentPostprocessing = 0;
		};
/* End PBXFrameworksBuildPhase section */

/* Begin PBXGroup section */
		BA783EB92974164D00976A9E = {
			isa = PBXGroup;
			children = (
				BA783EC42974164D00976A9E /* Bcoin */,
				BA783EC32974164D00976A9E /* Products */,
			);
			sourceTree = "<group>";
		};
		BA783EC32974164D00976A9E /* Products */ = {
			isa = PBXGroup;
			children = (
				BA783EC22974164D00976A9E /* Bcoin.app */,
			);
			name = Products;
			sourceTree = "<group>";
		};
		BA783EC42974164D00976A9E /* Bcoin */ = {
			isa = PBXGroup;
			children = (
				BA783EC52974164D00976A9E /* AppDelegate.swift */,
				BA783EC72974164D00976A9E /* SceneDelegate.swift */,
				BA783EDB2974190500976A9E /* Model */,
				BA783ED9297418EE00976A9E /* Controller */,
				BA783EDA297418F900976A9E /* View */,
				BA783EE029741A6200976A9E /* Assets.xcassets */,
				BA783ED02974164D00976A9E /* LaunchScreen.storyboard */,
				BA783ED32974164D00976A9E /* Info.plist */,
			);
			path = Bcoin;
			sourceTree = "<group>";
		};
		BA783ED9297418EE00976A9E /* Controller */ = {
			isa = PBXGroup;
			children = (
				BA783EC92974164D00976A9E /* BcoinViewController.swift */,
			);
			path = Controller;
			sourceTree = "<group>";
		};
		BA783EDA297418F900976A9E /* View */ = {
			isa = PBXGroup;
			children = (
				BA783ECB2974164D00976A9E /* Main.storyboard */,
			);
			path = View;
			sourceTree = "<group>";
		};
		BA783EDB2974190500976A9E /* Model */ = {
			isa = PBXGroup;
			children = (
				BA783EDC2974193A00976A9E /* CoinData.swift */,
				BA783EDE2974198700976A9E /* CoinManager.swift */,
			);
			path = Model;
			sourceTree = "<group>";
		};
/* End PBXGroup section */

/* Begin PBXNativeTarget section */
		BA783EC12974164D00976A9E /* Bcoin */ = {
			isa = PBXNativeTarget;
			buildConfigurationList = BA783ED62974164D00976A9E /* Build configuration list for PBXNativeTarget "Bcoin" */;
			buildPhases = (
				BA783EBE2974164D00976A9E /* Sources */,
				BA783EBF2974164D00976A9E /* Frameworks */,
				BA783EC02974164D00976A9E /* Resources */,
			);
			buildRules = (
			);
			dependencies = (
			);
			name = Bcoin;
			productName = Bcoin;
			productReference = BA783EC22974164D00976A9E /* Bcoin.app */;
			productType = "com.apple.product-type.application";
		};
/* End PBXNativeTarget section */

/* Begin PBXProject section */
		BA783EBA2974164D00976A9E /* Project object */ = {
			isa = PBXProject;
			attributes = {
				BuildIndependentTargetsInParallel = 1;
				LastSwiftUpdateCheck = 1340;
				LastUpgradeCheck = 1340;
				TargetAttributes = {
					BA783EC12974164D00976A9E = {
						CreatedOnToolsVersion = 13.4.1;
					};
				};
			};
			buildConfigurationList = BA783EBD2974164D00976A9E /* Build configuration list for PBXProject "Bcoin" */;
			compatibilityVersion = "Xcode 13.0";
			developmentRegion = en;
			hasScannedForEncodings = 0;
			knownRegions = (
				en,
				Base,
			);
			mainGroup = BA783EB92974164D00976A9E;
			productRefGroup = BA783EC32974164D00976A9E /* Products */;
			projectDirPath = "";
			projectRoot = "";
			targets = (
				BA783EC12974164D00976A9E /* Bcoin */,
			);
		};
/* End PBXProject section */

/* Begin PBXResourcesBuildPhase section */
		BA783EC02974164D00976A9E /* Resources */ = {
			isa = PBXResourcesBuildPhase;
			buildActionMask = 2147483647;
			files = (
				BA783ED22974164D00976A9E /* LaunchScreen.storyboard in Resources */,
				BA783EE129741A6200976A9E /* Assets.xcassets in Resources */,
				BA783ECD2974164D00976A9E /* Main.storyboard in Resources */,
			);
			runOnlyForDeploymentPostprocessing = 0;
		};
/* End PBXResourcesBuildPhase section */

/* Begin PBXSourcesBuildPhase section */
		BA783EBE2974164D00976A9E /* Sources */ = {
			isa = PBXSourcesBuildPhase;
			buildActionMask = 2147483647;
			files = (
				BA783EDD2974193A00976A9E /* CoinData.swift in Sources */,
				BA783ECA2974164D00976A9E /* BcoinViewController.swift in Sources */,
				BA783EC62974164D00976A9E /* AppDelegate.swift in Sources */,
				BA783EC82974164D00976A9E /* SceneDelegate.swift in Sources */,
				BA783EDF2974198700976A9E /* CoinManager.swift in Sources */,
			);
			runOnlyForDeploymentPostprocessing = 0;
		};
/* End PBXSourcesBuildPhase section */

/* Begin PBXVariantGroup section */
		BA783ECB2974164D00976A9E /* Main.storyboard */ = {
			isa = PBXVariantGroup;
			children = (
				BA783ECC2974164D00976A9E /* Base */,
			);
			name = Main.storyboard;
			sourceTree = "<group>";
		};
		BA783ED02974164D00976A9E /* LaunchScreen.storyboard */ = {
			isa = PBXVariantGroup;
			children = (
				BA783ED12974164D00976A9E /* Base */,
			);
			name = LaunchScreen.storyboard;
			sourceTree = "<group>";
		};
/* End PBXVariantGroup section */

/* Begin XCBuildConfiguration section */
		BA783ED42974164D00976A9E /* Debug */ = {
			isa = XCBuildConfiguration;
			buildSettings = {
				ALWAYS_SEARCH_USER_PATHS = NO;
				CLANG_ANALYZER_NONNULL = YES;
				CLANG_ANALYZER_NUMBER_OBJECT_CONVERSION = YES_AGGRESSIVE;
				CLANG_CXX_LANGUAGE_STANDARD = "gnu++17";
				CLANG_ENABLE_MODULES = YES;
				CLANG_ENABLE_OBJC_ARC = YES;
				CLANG_ENABLE_OBJC_WEAK = YES;
				CLANG_WARN_BLOCK_CAPTURE_AUTORELEASING = YES;
				CLANG_WARN_BOOL_CONVERSION = YES;
				CLANG_WARN_COMMA = YES;
				CLANG_WARN_CONSTANT_CONVERSION = YES;
				CLANG_WARN_DEPRECATED_OBJC_IMPLEMENTATIONS = YES;
				CLANG_WARN_DIRECT_OBJC_ISA_USAGE = YES_ERROR;
				CLANG_WARN_DOCUMENTATION_COMMENTS = YES;
				CLANG_WARN_EMPTY_BODY = YES;
				CLANG_WARN_ENUM_CONVERSION = YES;
				CLANG_WARN_INFINITE_RECURSION = YES;
				CLANG_WARN_INT_CONVERSION = YES;
				CLANG_WARN_NON_LITERAL_NULL_CONVERSION = YES;
				CLANG_WARN_OBJC_IMPLICIT_RETAIN_SELF = YES;
				CLANG_WARN_OBJC_LITERAL_CONVERSION = YES;
				CLANG_WARN_OBJC_ROOT_CLASS = YES_ERROR;
				CLANG_WARN_QUOTED_INCLUDE_IN_FRAMEWORK_HEADER = YES;
				CLANG_WARN_RANGE_LOOP_ANALYSIS = YES;
				CLANG_WARN_STRICT_PROTOTYPES = YES;
				CLANG_WARN_SUSPICIOUS_MOVE = YES;
				CLANG_WARN_UNGUARDED_AVAILABILITY = YES_AGGRESSIVE;
				CLANG_WARN_UNREACHABLE_CODE = YES;
				CLANG_WARN__DUPLICATE_METHOD_MATCH = YES;
				COPY_PHASE_STRIP = NO;
				DEBUG_INFORMATION_FORMAT = dwarf;
				ENABLE_STRICT_OBJC_MSGSEND = YES;
				ENABLE_TESTABILITY = YES;
				GCC_C_LANGUAGE_STANDARD = gnu11;
				GCC_DYNAMIC_NO_PIC = NO;
				GCC_NO_COMMON_BLOCKS = YES;
				GCC_OPTIMIZATION_LEVEL = 0;
				GCC_PREPROCESSOR_DEFINITIONS = (
					"DEBUG=1",
					"$(inherited)",
				);
				GCC_WARN_64_TO_32_BIT_CONVERSION = YES;
				GCC_WARN_ABOUT_RETURN_TYPE = YES_ERROR;
				GCC_WARN_UNDECLARED_SELECTOR = YES;
				GCC_WARN_UNINITIALIZED_AUTOS = YES_AGGRESSIVE;
				GCC_WARN_UNUSED_FUNCTION = YES;
				GCC_WARN_UNUSED_VARIABLE = YES;
				IPHONEOS_DEPLOYMENT_TARGET = 15.5;
				MTL_ENABLE_DEBUG_INFO = INCLUDE_SOURCE;
				MTL_FAST_MATH = YES;
				ONLY_ACTIVE_ARCH = YES;
				SDKROOT = iphoneos;
				SWIFT_ACTIVE_COMPILATION_CONDITIONS = DEBUG;
				SWIFT_OPTIMIZATION_LEVEL = "-Onone";
			};
			name = Debug;
		};
		BA783ED52974164D00976A9E /* Release */ = {
			isa = XCBuildConfiguration;
			buildSettings = {
				ALWAYS_SEARCH_USER_PATHS = NO;
				CLANG_ANALYZER_NONNULL = YES;
				CLANG_ANALYZER_NUMBER_OBJECT_CONVERSION = YES_AGGRESSIVE;
				CLANG_CXX_LANGUAGE_STANDARD = "gnu++17";
				CLANG_ENABLE_MODULES = YES;
				CLANG_ENABLE_OBJC_ARC = YES;
				CLANG_ENABLE_OBJC_WEAK = YES;
				CLANG_WARN_BLOCK_CAPTURE_AUTORELEASING = YES;
				CLANG_WARN_BOOL_CONVERSION = YES;
				CLANG_WARN_COMMA = YES;
				CLANG_WARN_CONSTANT_CONVERSION = YES;
				CLANG_WARN_DEPRECATED_OBJC_IMPLEMENTATIONS = YES;
				CLANG_WARN_DIRECT_OBJC_ISA_USAGE = YES_ERROR;
				CLANG_WARN_DOCUMENTATION_COMMENTS = YES;
				CLANG_WARN_EMPTY_BODY = YES;
				CLANG_WARN_ENUM_CONVERSION = YES;
				CLANG_WARN_INFINITE_RECURSION = YES;
				CLANG_WARN_INT_CONVERSION = YES;
				CLANG_WARN_NON_LITERAL_NULL_CONVERSION = YES;
				CLANG_WARN_OBJC_IMPLICIT_RETAIN_SELF = YES;
				CLANG_WARN_OBJC_LITERAL_CONVERSION = YES;
				CLANG_WARN_OBJC_ROOT_CLASS = YES_ERROR;
				CLANG_WARN_QUOTED_INCLUDE_IN_FRAMEWORK_HEADER = YES;
				CLANG_WARN_RANGE_LOOP_ANALYSIS = YES;
				CLANG_WARN_STRICT_PROTOTYPES = YES;
				CLANG_WARN_SUSPICIOUS_MOVE = YES;
				CLANG_WARN_UNGUARDED_AVAILABILITY = YES_AGGRESSIVE;
				CLANG_WARN_UNREACHABLE_CODE = YES;
				CLANG_WARN__DUPLICATE_METHOD_MATCH = YES;
				COPY_PHASE_STRIP = NO;
				DEBUG_INFORMATION_FORMAT = "dwarf-with-dsym";
				ENABLE_NS_ASSERTIONS = NO;
				ENABLE_STRICT_OBJC_MSGSEND = YES;
				GCC_C_LANGUAGE_STANDARD = gnu11;
				GCC_NO_COMMON_BLOCKS = YES;
				GCC_WARN_64_TO_32_BIT_CONVERSION = YES;
				GCC_WARN_ABOUT_RETURN_TYPE = YES_ERROR;
				GCC_WARN_UNDECLARED_SELECTOR = YES;
				GCC_WARN_UNINITIALIZED_AUTOS = YES_AGGRESSIVE;
				GCC_WARN_UNUSED_FUNCTION = YES;
				GCC_WARN_UNUSED_VARIABLE = YES;
				IPHONEOS_DEPLOYMENT_TARGET = 15.5;
				MTL_ENABLE_DEBUG_INFO = NO;
				MTL_FAST_MATH = YES;
				SDKROOT = iphoneos;
				SWIFT_COMPILATION_MODE = wholemodule;
				SWIFT_OPTIMIZATION_LEVEL = "-O";
				VALIDATE_PRODUCT = YES;
			};
			name = Release;
		};
		BA783ED72974164D00976A9E /* Debug */ = {
			isa = XCBuildConfiguration;
			buildSettings = {
				ASSETCATALOG_COMPILER_APPICON_NAME = AppIcon;
				ASSETCATALOG_COMPILER_GLOBAL_ACCENT_COLOR_NAME = AccentColor;
				CODE_SIGN_STYLE = Automatic;
				CURRENT_PROJECT_VERSION = 1;
				DEVELOPMENT_TEAM = 763XS26223;
				GENERATE_INFOPLIST_FILE = YES;
				INFOPLIST_FILE = Bcoin/Info.plist;
				INFOPLIST_KEY_UIApplicationSupportsIndirectInputEvents = YES;
				INFOPLIST_KEY_UILaunchStoryboardName = LaunchScreen;
				INFOPLIST_KEY_UIMainStoryboardFile = Main;
				INFOPLIST_KEY_UISupportedInterfaceOrientations_iPad = "UIInterfaceOrientationPortrait UIInterfaceOrientationPortraitUpsideDown UIInterfaceOrientationLandscapeLeft UIInterfaceOrientationLandscapeRight";
				INFOPLIST_KEY_UISupportedInterfaceOrientations_iPhone = "UIInterfaceOrientationPortrait UIInterfaceOrientationLandscapeLeft UIInterfaceOrientationLandscapeRight";
				LD_RUNPATH_SEARCH_PATHS = (
					"$(inherited)",
					"@executable_path/Frameworks",
				);
				MARKETING_VERSION = 1.0;
				PRODUCT_BUNDLE_IDENTIFIER = "Dzmitry-Letsiahin.Bcoin";
				PRODUCT_NAME = "$(TARGET_NAME)";
				SWIFT_EMIT_LOC_STRINGS = YES;
				SWIFT_VERSION = 5.0;
				TARGETED_DEVICE_FAMILY = "1,2";
			};
			name = Debug;
		};
		BA783ED82974164D00976A9E /* Release */ = {
			isa = XCBuildConfiguration;
			buildSettings = {
				ASSETCATALOG_COMPILER_APPICON_NAME = AppIcon;
				ASSETCATALOG_COMPILER_GLOBAL_ACCENT_COLOR_NAME = AccentColor;
				CODE_SIGN_STYLE = Automatic;
				CURRENT_PROJECT_VERSION = 1;
				DEVELOPMENT_TEAM = 763XS26223;
				GENERATE_INFOPLIST_FILE = YES;
				INFOPLIST_FILE = Bcoin/Info.plist;
				INFOPLIST_KEY_UIApplicationSupportsIndirectInputEvents = YES;
				INFOPLIST_KEY_UILaunchStoryboardName = LaunchScreen;
				INFOPLIST_KEY_UIMainStoryboardFile = Main;
				INFOPLIST_KEY_UISupportedInterfaceOrientations_iPad = "UIInterfaceOrientationPortrait UIInterfaceOrientationPortraitUpsideDown UIInterfaceOrientationLandscapeLeft UIInterfaceOrientationLandscapeRight";
				INFOPLIST_KEY_UISupportedInterfaceOrientations_iPhone = "UIInterfaceOrientationPortrait UIInterfaceOrientationLandscapeLeft UIInterfaceOrientationLandscapeRight";
				LD_RUNPATH_SEARCH_PATHS = (
					"$(inherited)",
					"@executable_path/Frameworks",
				);
				MARKETING_VERSION = 1.0;
				PRODUCT_BUNDLE_IDENTIFIER = "Dzmitry-Letsiahin.Bcoin";
				PRODUCT_NAME = "$(TARGET_NAME)";
				SWIFT_EMIT_LOC_STRINGS = YES;
				SWIFT_VERSION = 5.0;
				TARGETED_DEVICE_FAMILY = "1,2";
			};
			name = Release;
		};
/* End XCBuildConfiguration section */

/* Begin XCConfigurationList section */
		BA783EBD2974164D00976A9E /* Build configuration list for PBXProject "Bcoin" */ = {
			isa = XCConfigurationList;
			buildConfigurations = (
				BA783ED42974164D00976A9E /* Debug */,
				BA783ED52974164D00976A9E /* Release */,
			);
			defaultConfigurationIsVisible = 0;
			defaultConfigurationName = Release;
		};
		BA783ED62974164D00976A9E /* Build configuration list for PBXNativeTarget "Bcoin" */ = {
			isa = XCConfigurationList;
			buildConfigurations = (
				BA783ED72974164D00976A9E /* Debug */,
				BA783ED82974164D00976A9E /* Release */,
			);
			defaultConfigurationIsVisible = 0;
			defaultConfigurationName = Release;
		};
/* End XCConfigurationList section */
	};
	rootObject = BA783EBA2974164D00976A9E /* Project object */;
}
